
Microsoft Visual Studio Solution File, Format Version 12.00
# Visual Studio 15
VisualStudioVersion = 15.0.27428.2043
MinimumVisualStudioVersion = 10.0.40219.1
Project("{FAE04EC0-301F-11D3-BF4B-00C04F79EFBC}") = "BeatSaberKeyboardMapperPlugin", "BeatSaberKeyboardMapperPlugin\BeatSaberKeyboardMapperPlugin.csproj", "{438A5B6A-ED29-4C94-A15F-02DDE805527F}"
EndProject
Global
	GlobalSection(SolutionConfigurationPlatforms) = preSolution
		Debug|Any CPU = Debug|Any CPU
		Release|Any CPU = Release|Any CPU
	EndGlobalSection
	GlobalSection(ProjectConfigurationPlatforms) = postSolution
		{438A5B6A-ED29-4C94-A15F-02DDE805527F}.Debug|Any CPU.ActiveCfg = Debug|Any CPU
		{438A5B6A-ED29-4C94-A15F-02DDE805527F}.Debug|Any CPU.Build.0 = Debug|Any CPU
		{438A5B6A-ED29-4C94-A15F-02DDE805527F}.Release|Any CPU.ActiveCfg = Release|Any CPU
		{438A5B6A-ED29-4C94-A15F-02DDE805527F}.Release|Any CPU.Build.0 = Release|Any CPU
	EndGlobalSection
	GlobalSection(SolutionProperties) = preSolution
		HideSolutionNode = FALSE
	EndGlobalSection
	GlobalSection(ExtensibilityGlobals) = postSolution
		SolutionGuid = {941EFBA4-A206-406F-9AAA-F39F6ACF568E}
	EndGlobalSection
EndGlobal
